
Microsoft Visual Studio Solution File, Format Version 12.00
# Visual Studio 2017
Project("{2150E333-8FDC-42A3-9474-1A3956D46DE8}") = "src", "src", "{5B314999-B159-4847-A93F-117AE4067C08}"
EndProject
Project("{2150E333-8FDC-42A3-9474-1A3956D46DE8}") = "samples", "samples", "{CF0E5FF7-9919-429D-9A43-2E32B7EFBE75}"
EndProject
Project("{FAE04EC0-301F-11D3-BF4B-00C04F79EFBC}") = "cli", "samples\cli\cli.csproj", "{7C7AD667-6F9C-42B6-88EB-370FC63CA498}"
EndProject
Project("{2150E333-8FDC-42A3-9474-1A3956D46DE8}") = "tests", "tests", "{5CE5F2EF-F808-409C-9949-AC3F1EE9A28C}"
EndProject
Project("{FAE04EC0-301F-11D3-BF4B-00C04F79EFBC}") = "KsuidTests", "tests\KsuidTests\KsuidTests.csproj", "{9FC24F84-C0F3-40DC-9B88-C51ED7A614D6}"
EndProject
Project("{FAE04EC0-301F-11D3-BF4B-00C04F79EFBC}") = "Ksuid", "src\Ksuid\Ksuid.csproj", "{59C6F2F8-C001-4E40-83EA-88DC152D4745}"
EndProject
Global
	GlobalSection(SolutionConfigurationPlatforms) = preSolution
		Debug|Any CPU = Debug|Any CPU
		Release|Any CPU = Release|Any CPU
	EndGlobalSection
	GlobalSection(ProjectConfigurationPlatforms) = postSolution
		{7C7AD667-6F9C-42B6-88EB-370FC63CA498}.Debug|Any CPU.ActiveCfg = Debug|Any CPU
		{7C7AD667-6F9C-42B6-88EB-370FC63CA498}.Debug|Any CPU.Build.0 = Debug|Any CPU
		{7C7AD667-6F9C-42B6-88EB-370FC63CA498}.Release|Any CPU.ActiveCfg = Release|Any CPU
		{7C7AD667-6F9C-42B6-88EB-370FC63CA498}.Release|Any CPU.Build.0 = Release|Any CPU
		{9FC24F84-C0F3-40DC-9B88-C51ED7A614D6}.Debug|Any CPU.ActiveCfg = Debug|Any CPU
		{9FC24F84-C0F3-40DC-9B88-C51ED7A614D6}.Debug|Any CPU.Build.0 = Debug|Any CPU
		{9FC24F84-C0F3-40DC-9B88-C51ED7A614D6}.Release|Any CPU.ActiveCfg = Release|Any CPU
		{9FC24F84-C0F3-40DC-9B88-C51ED7A614D6}.Release|Any CPU.Build.0 = Release|Any CPU
		{59C6F2F8-C001-4E40-83EA-88DC152D4745}.Debug|Any CPU.ActiveCfg = Debug|Any CPU
		{59C6F2F8-C001-4E40-83EA-88DC152D4745}.Debug|Any CPU.Build.0 = Debug|Any CPU
		{59C6F2F8-C001-4E40-83EA-88DC152D4745}.Release|Any CPU.ActiveCfg = Release|Any CPU
		{59C6F2F8-C001-4E40-83EA-88DC152D4745}.Release|Any CPU.Build.0 = Release|Any CPU
	EndGlobalSection
	GlobalSection(NestedProjects) = preSolution
		{7C7AD667-6F9C-42B6-88EB-370FC63CA498} = {CF0E5FF7-9919-429D-9A43-2E32B7EFBE75}
		{9FC24F84-C0F3-40DC-9B88-C51ED7A614D6} = {5CE5F2EF-F808-409C-9949-AC3F1EE9A28C}
		{59C6F2F8-C001-4E40-83EA-88DC152D4745} = {5B314999-B159-4847-A93F-117AE4067C08}
	EndGlobalSection
EndGlobal
